// !$*UTF8*$!
{
	archiveVersion = 1;
	classes = {
	};
	objectVersion = 46;
	objects = {

/* Begin PBXBuildFile section */
		4AF26267154F13CB0006ADFE /* CCNodeExporter.m in Sources */ = {isa = PBXBuildFile; fileRef = 4AF26266154F13CB0006ADFE /* CCNodeExporter.m */; };
		4AF2626E154F30B50006ADFE /* NodeExporter.m in Sources */ = {isa = PBXBuildFile; fileRef = 4AF2626D154F30B50006ADFE /* NodeExporter.m */; };
		4AF2627E154FC43A0006ADFE /* CCSpriteExporter.m in Sources */ = {isa = PBXBuildFile; fileRef = 4AF2627D154FC43A0006ADFE /* CCSpriteExporter.m */; };
		4AF2628115505E360006ADFE /* CCLabelBMFontExporter.m in Sources */ = {isa = PBXBuildFile; fileRef = 4AF2628015505E360006ADFE /* CCLabelBMFontExporter.m */; };
		4AF2628E1550663C0006ADFE /* NSMutableString+XMLEncoding.m in Sources */ = {isa = PBXBuildFile; fileRef = 4AF262891550663C0006ADFE /* NSMutableString+XMLEncoding.m */; };
		4AF2628F1550663C0006ADFE /* NSString+XMLEncoding.m in Sources */ = {isa = PBXBuildFile; fileRef = 4AF2628B1550663C0006ADFE /* NSString+XMLEncoding.m */; };
		4AF262901550663C0006ADFE /* XMLWriter.m in Sources */ = {isa = PBXBuildFile; fileRef = 4AF2628D1550663C0006ADFE /* XMLWriter.m */; };
		4AF262931550680F0006ADFE /* CCLabelTTFExporter.m in Sources */ = {isa = PBXBuildFile; fileRef = 4AF262921550680F0006ADFE /* CCLabelTTFExporter.m */; };
		4AF2629615507CF00006ADFE /* CCLayerColorExporter.m in Sources */ = {isa = PBXBuildFile; fileRef = 4AF2629515507CF00006ADFE /* CCLayerColorExporter.m */; };
		4AF2629915507F6A0006ADFE /* CCLayerExporter.m in Sources */ = {isa = PBXBuildFile; fileRef = 4AF2629815507F6A0006ADFE /* CCLayerExporter.m */; };
		4AF2629C155080DD0006ADFE /* CCLayerGradientExporter.m in Sources */ = {isa = PBXBuildFile; fileRef = 4AF2629B155080DD0006ADFE /* CCLayerGradientExporter.m */; };
		4AF2629F155085D10006ADFE /* CCScale9SpriteExporter.m in Sources */ = {isa = PBXBuildFile; fileRef = 4AF2629E155085D10006ADFE /* CCScale9SpriteExporter.m */; };
		4AF262A215508D440006ADFE /* CCBFileExporter.m in Sources */ = {isa = PBXBuildFile; fileRef = 4AF262A115508D440006ADFE /* CCBFileExporter.m */; };
		4AF262AC1550A9590006ADFE /* CCRotatingSpriteExporter.m in Sources */ = {isa = PBXBuildFile; fileRef = 4AF262AB1550A9580006ADFE /* CCRotatingSpriteExporter.m */; };
		4AF262B51551215B0006ADFE /* CCLocalizedLabelTTFExporter.m in Sources */ = {isa = PBXBuildFile; fileRef = 4AF262B41551215A0006ADFE /* CCLocalizedLabelTTFExporter.m */; };
		E38B844814FF93C30030AFF2 /* Cocoa.framework in Frameworks */ = {isa = PBXBuildFile; fileRef = E38B844714FF93C30030AFF2 /* Cocoa.framework */; };
		E38B845214FF93C30030AFF2 /* InfoPlist.strings in Resources */ = {isa = PBXBuildFile; fileRef = E38B845014FF93C30030AFF2 /* InfoPlist.strings */; };
		E38B845B14FF93FC0030AFF2 /* CCBXAndEngineXml.m in Sources */ = {isa = PBXBuildFile; fileRef = E38B845A14FF93FC0030AFF2 /* CCBXAndEngineXml.m */; };
/* End PBXBuildFile section */

/* Begin PBXFileReference section */
		4AF26265154F13CB0006ADFE /* CCNodeExporter.h */ = {isa = PBXFileReference; fileEncoding = 4; lastKnownFileType = sourcecode.c.h; path = CCNodeExporter.h; sourceTree = "<group>"; };
		4AF26266154F13CB0006ADFE /* CCNodeExporter.m */ = {isa = PBXFileReference; fileEncoding = 4; lastKnownFileType = sourcecode.c.objc; path = CCNodeExporter.m; sourceTree = "<group>"; };
		4AF2626C154F30B50006ADFE /* NodeExporter.h */ = {isa = PBXFileReference; fileEncoding = 4; lastKnownFileType = sourcecode.c.h; path = NodeExporter.h; sourceTree = "<group>"; };
		4AF2626D154F30B50006ADFE /* NodeExporter.m */ = {isa = PBXFileReference; fileEncoding = 4; lastKnownFileType = sourcecode.c.objc; path = NodeExporter.m; sourceTree = "<group>"; };
		4AF2627C154FC43A0006ADFE /* CCSpriteExporter.h */ = {isa = PBXFileReference; fileEncoding = 4; lastKnownFileType = sourcecode.c.h; path = CCSpriteExporter.h; sourceTree = "<group>"; };
		4AF2627D154FC43A0006ADFE /* CCSpriteExporter.m */ = {isa = PBXFileReference; fileEncoding = 4; lastKnownFileType = sourcecode.c.objc; path = CCSpriteExporter.m; sourceTree = "<group>"; };
		4AF2627F15505E350006ADFE /* CCLabelBMFontExporter.h */ = {isa = PBXFileReference; fileEncoding = 4; lastKnownFileType = sourcecode.c.h; path = CCLabelBMFontExporter.h; sourceTree = "<group>"; };
		4AF2628015505E360006ADFE /* CCLabelBMFontExporter.m */ = {isa = PBXFileReference; fileEncoding = 4; lastKnownFileType = sourcecode.c.objc; path = CCLabelBMFontExporter.m; sourceTree = "<group>"; };
		4AF262881550663C0006ADFE /* NSMutableString+XMLEncoding.h */ = {isa = PBXFileReference; fileEncoding = 4; lastKnownFileType = sourcecode.c.h; name = "NSMutableString+XMLEncoding.h"; path = "xml/NSMutableString+XMLEncoding.h"; sourceTree = "<group>"; };
		4AF262891550663C0006ADFE /* NSMutableString+XMLEncoding.m */ = {isa = PBXFileReference; fileEncoding = 4; lastKnownFileType = sourcecode.c.objc; name = "NSMutableString+XMLEncoding.m"; path = "xml/NSMutableString+XMLEncoding.m"; sourceTree = "<group>"; };
		4AF2628A1550663C0006ADFE /* NSString+XMLEncoding.h */ = {isa = PBXFileReference; fileEncoding = 4; lastKnownFileType = sourcecode.c.h; name = "NSString+XMLEncoding.h"; path = "xml/NSString+XMLEncoding.h"; sourceTree = "<group>"; };
		4AF2628B1550663C0006ADFE /* NSString+XMLEncoding.m */ = {isa = PBXFileReference; fileEncoding = 4; lastKnownFileType = sourcecode.c.objc; name = "NSString+XMLEncoding.m"; path = "xml/NSString+XMLEncoding.m"; sourceTree = "<group>"; };
		4AF2628C1550663C0006ADFE /* XMLWriter.h */ = {isa = PBXFileReference; fileEncoding = 4; lastKnownFileType = sourcecode.c.h; name = XMLWriter.h; path = xml/XMLWriter.h; sourceTree = "<group>"; };
		4AF2628D1550663C0006ADFE /* XMLWriter.m */ = {isa = PBXFileReference; fileEncoding = 4; lastKnownFileType = sourcecode.c.objc; name = XMLWriter.m; path = xml/XMLWriter.m; sourceTree = "<group>"; };
		4AF262911550680F0006ADFE /* CCLabelTTFExporter.h */ = {isa = PBXFileReference; fileEncoding = 4; lastKnownFileType = sourcecode.c.h; path = CCLabelTTFExporter.h; sourceTree = "<group>"; };
		4AF262921550680F0006ADFE /* CCLabelTTFExporter.m */ = {isa = PBXFileReference; fileEncoding = 4; lastKnownFileType = sourcecode.c.objc; path = CCLabelTTFExporter.m; sourceTree = "<group>"; };
		4AF2629415507CF00006ADFE /* CCLayerColorExporter.h */ = {isa = PBXFileReference; fileEncoding = 4; lastKnownFileType = sourcecode.c.h; path = CCLayerColorExporter.h; sourceTree = "<group>"; };
		4AF2629515507CF00006ADFE /* CCLayerColorExporter.m */ = {isa = PBXFileReference; fileEncoding = 4; lastKnownFileType = sourcecode.c.objc; path = CCLayerColorExporter.m; sourceTree = "<group>"; };
		4AF2629715507F6A0006ADFE /* CCLayerExporter.h */ = {isa = PBXFileReference; fileEncoding = 4; lastKnownFileType = sourcecode.c.h; path = CCLayerExporter.h; sourceTree = "<group>"; };
		4AF2629815507F6A0006ADFE /* CCLayerExporter.m */ = {isa = PBXFileReference; fileEncoding = 4; lastKnownFileType = sourcecode.c.objc; path = CCLayerExporter.m; sourceTree = "<group>"; };
		4AF2629A155080DD0006ADFE /* CCLayerGradientExporter.h */ = {isa = PBXFileReference; fileEncoding = 4; lastKnownFileType = sourcecode.c.h; path = CCLayerGradientExporter.h; sourceTree = "<group>"; };
		4AF2629B155080DD0006ADFE /* CCLayerGradientExporter.m */ = {isa = PBXFileReference; fileEncoding = 4; lastKnownFileType = sourcecode.c.objc; path = CCLayerGradientExporter.m; sourceTree = "<group>"; };
		4AF2629D155085D10006ADFE /* CCScale9SpriteExporter.h */ = {isa = PBXFileReference; fileEncoding = 4; lastKnownFileType = sourcecode.c.h; path = CCScale9SpriteExporter.h; sourceTree = "<group>"; };
		4AF2629E155085D10006ADFE /* CCScale9SpriteExporter.m */ = {isa = PBXFileReference; fileEncoding = 4; lastKnownFileType = sourcecode.c.objc; path = CCScale9SpriteExporter.m; sourceTree = "<group>"; };
		4AF262A015508D440006ADFE /* CCBFileExporter.h */ = {isa = PBXFileReference; fileEncoding = 4; lastKnownFileType = sourcecode.c.h; path = CCBFileExporter.h; sourceTree = "<group>"; };
		4AF262A115508D440006ADFE /* CCBFileExporter.m */ = {isa = PBXFileReference; fileEncoding = 4; lastKnownFileType = sourcecode.c.objc; path = CCBFileExporter.m; sourceTree = "<group>"; };
		4AF262AA1550A9580006ADFE /* CCRotatingSpriteExporter.h */ = {isa = PBXFileReference; fileEncoding = 4; lastKnownFileType = sourcecode.c.h; path = CCRotatingSpriteExporter.h; sourceTree = "<group>"; };
		4AF262AB1550A9580006ADFE /* CCRotatingSpriteExporter.m */ = {isa = PBXFileReference; fileEncoding = 4; lastKnownFileType = sourcecode.c.objc; path = CCRotatingSpriteExporter.m; sourceTree = "<group>"; };
		4AF262B3155121590006ADFE /* CCLocalizedLabelTTFExporter.h */ = {isa = PBXFileReference; fileEncoding = 4; lastKnownFileType = sourcecode.c.h; path = CCLocalizedLabelTTFExporter.h; sourceTree = "<group>"; };
		4AF262B41551215A0006ADFE /* CCLocalizedLabelTTFExporter.m */ = {isa = PBXFileReference; fileEncoding = 4; lastKnownFileType = sourcecode.c.objc; path = CCLocalizedLabelTTFExporter.m; sourceTree = "<group>"; };
		E38B844414FF93C30030AFF2 /* CCBAndEngineXml.ccbPlugExport */ = {isa = PBXFileReference; explicitFileType = wrapper.cfbundle; includeInIndex = 0; path = CCBAndEngineXml.ccbPlugExport; sourceTree = BUILT_PRODUCTS_DIR; };
		E38B844714FF93C30030AFF2 /* Cocoa.framework */ = {isa = PBXFileReference; lastKnownFileType = wrapper.framework; name = Cocoa.framework; path = System/Library/Frameworks/Cocoa.framework; sourceTree = SDKROOT; };
		E38B844A14FF93C30030AFF2 /* AppKit.framework */ = {isa = PBXFileReference; lastKnownFileType = wrapper.framework; name = AppKit.framework; path = System/Library/Frameworks/AppKit.framework; sourceTree = SDKROOT; };
		E38B844B14FF93C30030AFF2 /* CoreData.framework */ = {isa = PBXFileReference; lastKnownFileType = wrapper.framework; name = CoreData.framework; path = System/Library/Frameworks/CoreData.framework; sourceTree = SDKROOT; };
		E38B844C14FF93C30030AFF2 /* Foundation.framework */ = {isa = PBXFileReference; lastKnownFileType = wrapper.framework; name = Foundation.framework; path = System/Library/Frameworks/Foundation.framework; sourceTree = SDKROOT; };
		E38B844F14FF93C30030AFF2 /* Info.plist */ = {isa = PBXFileReference; lastKnownFileType = text.plist.xml; path = Info.plist; sourceTree = "<group>"; };
		E38B845114FF93C30030AFF2 /* en */ = {isa = PBXFileReference; lastKnownFileType = text.plist.strings; name = en; path = en.lproj/InfoPlist.strings; sourceTree = "<group>"; };
		E38B845314FF93C30030AFF2 /* ExportPlugIn.pch */ = {isa = PBXFileReference; lastKnownFileType = sourcecode.c.h; path = ExportPlugIn.pch; sourceTree = "<group>"; };
		E38B845914FF93FC0030AFF2 /* CCBXAndEngineXml.h */ = {isa = PBXFileReference; fileEncoding = 4; lastKnownFileType = sourcecode.c.h; path = CCBXAndEngineXml.h; sourceTree = "<group>"; };
		E38B845A14FF93FC0030AFF2 /* CCBXAndEngineXml.m */ = {isa = PBXFileReference; fileEncoding = 4; lastKnownFileType = sourcecode.c.objc; path = CCBXAndEngineXml.m; sourceTree = "<group>"; };
		E38B845C14FF95290030AFF2 /* CCBX.h */ = {isa = PBXFileReference; fileEncoding = 4; lastKnownFileType = sourcecode.c.h; name = CCBX.h; path = ../../../CocosBuilder/ccBuilder/CCBX.h; sourceTree = "<group>"; };
/* End PBXFileReference section */

/* Begin PBXFrameworksBuildPhase section */
		E38B844114FF93C30030AFF2 /* Frameworks */ = {
			isa = PBXFrameworksBuildPhase;
			buildActionMask = 2147483647;
			files = (
				E38B844814FF93C30030AFF2 /* Cocoa.framework in Frameworks */,
			);
			runOnlyForDeploymentPostprocessing = 0;
		};
/* End PBXFrameworksBuildPhase section */

/* Begin PBXGroup section */
		4AF26287155066260006ADFE /* xml */ = {
			isa = PBXGroup;
			children = (
				4AF262881550663C0006ADFE /* NSMutableString+XMLEncoding.h */,
				4AF262891550663C0006ADFE /* NSMutableString+XMLEncoding.m */,
				4AF2628A1550663C0006ADFE /* NSString+XMLEncoding.h */,
				4AF2628B1550663C0006ADFE /* NSString+XMLEncoding.m */,
				4AF2628C1550663C0006ADFE /* XMLWriter.h */,
				4AF2628D1550663C0006ADFE /* XMLWriter.m */,
			);
			name = xml;
			sourceTree = "<group>";
		};
		E38B843914FF93C30030AFF2 = {
			isa = PBXGroup;
			children = (
				E38B844D14FF93C30030AFF2 /* Souce */,
				E38B844614FF93C30030AFF2 /* Frameworks */,
				E38B844514FF93C30030AFF2 /* Products */,
			);
			sourceTree = "<group>";
		};
		E38B844514FF93C30030AFF2 /* Products */ = {
			isa = PBXGroup;
			children = (
				E38B844414FF93C30030AFF2 /* CCBAndEngineXml.ccbPlugExport */,
			);
			name = Products;
			sourceTree = "<group>";
		};
		E38B844614FF93C30030AFF2 /* Frameworks */ = {
			isa = PBXGroup;
			children = (
				E38B844714FF93C30030AFF2 /* Cocoa.framework */,
				E38B844914FF93C30030AFF2 /* Other Frameworks */,
			);
			name = Frameworks;
			sourceTree = "<group>";
		};
		E38B844914FF93C30030AFF2 /* Other Frameworks */ = {
			isa = PBXGroup;
			children = (
				E38B844A14FF93C30030AFF2 /* AppKit.framework */,
				E38B844B14FF93C30030AFF2 /* CoreData.framework */,
				E38B844C14FF93C30030AFF2 /* Foundation.framework */,
			);
			name = "Other Frameworks";
			sourceTree = "<group>";
		};
		E38B844D14FF93C30030AFF2 /* Souce */ = {
			isa = PBXGroup;
			children = (
				E38B845C14FF95290030AFF2 /* CCBX.h */,
				E38B845914FF93FC0030AFF2 /* CCBXAndEngineXml.h */,
				E38B845A14FF93FC0030AFF2 /* CCBXAndEngineXml.m */,
				4AF262A015508D440006ADFE /* CCBFileExporter.h */,
				4AF262A115508D440006ADFE /* CCBFileExporter.m */,
				4AF262911550680F0006ADFE /* CCLabelTTFExporter.h */,
				4AF262921550680F0006ADFE /* CCLabelTTFExporter.m */,
				4AF262B3155121590006ADFE /* CCLocalizedLabelTTFExporter.h */,
				4AF262B41551215A0006ADFE /* CCLocalizedLabelTTFExporter.m */,
				4AF2627F15505E350006ADFE /* CCLabelBMFontExporter.h */,
				4AF2628015505E360006ADFE /* CCLabelBMFontExporter.m */,
				4AF2629715507F6A0006ADFE /* CCLayerExporter.h */,
				4AF2629815507F6A0006ADFE /* CCLayerExporter.m */,
				4AF2629415507CF00006ADFE /* CCLayerColorExporter.h */,
				4AF2629515507CF00006ADFE /* CCLayerColorExporter.m */,
				4AF2629A155080DD0006ADFE /* CCLayerGradientExporter.h */,
				4AF2629B155080DD0006ADFE /* CCLayerGradientExporter.m */,
				4AF26265154F13CB0006ADFE /* CCNodeExporter.h */,
				4AF26266154F13CB0006ADFE /* CCNodeExporter.m */,
				4AF262AA1550A9580006ADFE /* CCRotatingSpriteExporter.h */,
				4AF262AB1550A9580006ADFE /* CCRotatingSpriteExporter.m */,
				4AF2629D155085D10006ADFE /* CCScale9SpriteExporter.h */,
				4AF2629E155085D10006ADFE /* CCScale9SpriteExporter.m */,
				4AF2627C154FC43A0006ADFE /* CCSpriteExporter.h */,
				4AF2627D154FC43A0006ADFE /* CCSpriteExporter.m */,
				4AF2626C154F30B50006ADFE /* NodeExporter.h */,
				4AF2626D154F30B50006ADFE /* NodeExporter.m */,
				E38B844E14FF93C30030AFF2 /* Supporting Files */,
				4AF26287155066260006ADFE /* xml */,
			);
			name = Souce;
			path = Source;
			sourceTree = "<group>";
		};
		E38B844E14FF93C30030AFF2 /* Supporting Files */ = {
			isa = PBXGroup;
			children = (
				E38B844F14FF93C30030AFF2 /* Info.plist */,
				E38B845014FF93C30030AFF2 /* InfoPlist.strings */,
				E38B845314FF93C30030AFF2 /* ExportPlugIn.pch */,
			);
			name = "Supporting Files";
			sourceTree = "<group>";
		};
/* End PBXGroup section */

/* Begin PBXNativeTarget section */
		E38B844314FF93C30030AFF2 /* CCBAndEngineXml */ = {
			isa = PBXNativeTarget;
			buildConfigurationList = E38B845614FF93C30030AFF2 /* Build configuration list for PBXNativeTarget "CCBAndEngineXml" */;
			buildPhases = (
				E38B844014FF93C30030AFF2 /* Sources */,
				E38B844114FF93C30030AFF2 /* Frameworks */,
				E38B844214FF93C30030AFF2 /* Resources */,
				E33BC1AA1510D739009AE29A /* ShellScript */,
			);
			buildRules = (
			);
			dependencies = (
			);
			name = CCBAndEngineXml;
			productName = "Export Example";
			productReference = E38B844414FF93C30030AFF2 /* CCBAndEngineXml.ccbPlugExport */;
			productType = "com.apple.product-type.bundle";
		};
/* End PBXNativeTarget section */

/* Begin PBXProject section */
		E38B843B14FF93C30030AFF2 /* Project object */ = {
			isa = PBXProject;
			attributes = {
				LastUpgradeCheck = 0420;
			};
			buildConfigurationList = E38B843E14FF93C30030AFF2 /* Build configuration list for PBXProject "CCBAndEngineXml" */;
			compatibilityVersion = "Xcode 3.2";
			developmentRegion = English;
			hasScannedForEncodings = 0;
			knownRegions = (
				en,
			);
			mainGroup = E38B843914FF93C30030AFF2;
			productRefGroup = E38B844514FF93C30030AFF2 /* Products */;
			projectDirPath = "";
			projectRoot = "";
			targets = (
				E38B844314FF93C30030AFF2 /* CCBAndEngineXml */,
			);
		};
/* End PBXProject section */

/* Begin PBXResourcesBuildPhase section */
		E38B844214FF93C30030AFF2 /* Resources */ = {
			isa = PBXResourcesBuildPhase;
			buildActionMask = 2147483647;
			files = (
				E38B845214FF93C30030AFF2 /* InfoPlist.strings in Resources */,
			);
			runOnlyForDeploymentPostprocessing = 0;
		};
/* End PBXResourcesBuildPhase section */

/* Begin PBXShellScriptBuildPhase section */
		E33BC1AA1510D739009AE29A /* ShellScript */ = {
			isa = PBXShellScriptBuildPhase;
			buildActionMask = 2147483647;
			files = (
			);
			inputPaths = (
			);
			outputPaths = (
			);
			runOnlyForDeploymentPostprocessing = 0;
			shellPath = /bin/sh;
			shellScript = "rm -rf $SRCROOT/../../build/CocosBuilder.app/Contents/PlugIns/$PRODUCT_NAME.ccbPlugExport\n./../../scripts/CopyBuiltProduct.sh \"$CONFIGURATION_BUILD_DIR/\" \"$SRCROOT/../../build/CocosBuilder.app/Contents/PlugIns/\" \"$PRODUCT_NAME.ccbPlugExport\" 0";
		};
/* End PBXShellScriptBuildPhase section */

/* Begin PBXSourcesBuildPhase section */
		E38B844014FF93C30030AFF2 /* Sources */ = {
			isa = PBXSourcesBuildPhase;
			buildActionMask = 2147483647;
			files = (
				E38B845B14FF93FC0030AFF2 /* CCBXAndEngineXml.m in Sources */,
				4AF26267154F13CB0006ADFE /* CCNodeExporter.m in Sources */,
				4AF2626E154F30B50006ADFE /* NodeExporter.m in Sources */,
				4AF2627E154FC43A0006ADFE /* CCSpriteExporter.m in Sources */,
				4AF2628115505E360006ADFE /* CCLabelBMFontExporter.m in Sources */,
				4AF2628E1550663C0006ADFE /* NSMutableString+XMLEncoding.m in Sources */,
				4AF2628F1550663C0006ADFE /* NSString+XMLEncoding.m in Sources */,
				4AF262901550663C0006ADFE /* XMLWriter.m in Sources */,
				4AF262931550680F0006ADFE /* CCLabelTTFExporter.m in Sources */,
				4AF2629615507CF00006ADFE /* CCLayerColorExporter.m in Sources */,
				4AF2629915507F6A0006ADFE /* CCLayerExporter.m in Sources */,
				4AF2629C155080DD0006ADFE /* CCLayerGradientExporter.m in Sources */,
				4AF2629F155085D10006ADFE /* CCScale9SpriteExporter.m in Sources */,
				4AF262A215508D440006ADFE /* CCBFileExporter.m in Sources */,
				4AF262AC1550A9590006ADFE /* CCRotatingSpriteExporter.m in Sources */,
				4AF262B51551215B0006ADFE /* CCLocalizedLabelTTFExporter.m in Sources */,
			);
			runOnlyForDeploymentPostprocessing = 0;
		};
/* End PBXSourcesBuildPhase section */

/* Begin PBXVariantGroup section */
		E38B845014FF93C30030AFF2 /* InfoPlist.strings */ = {
			isa = PBXVariantGroup;
			children = (
				E38B845114FF93C30030AFF2 /* en */,
			);
			name = InfoPlist.strings;
			sourceTree = "<group>";
		};
/* End PBXVariantGroup section */

/* Begin XCBuildConfiguration section */
		E38B845414FF93C30030AFF2 /* Debug */ = {
			isa = XCBuildConfiguration;
			buildSettings = {
				ALWAYS_SEARCH_USER_PATHS = NO;
				ARCHS = "$(ARCHS_STANDARD_64_BIT)";
				COPY_PHASE_STRIP = NO;
				GCC_C_LANGUAGE_STANDARD = gnu99;
				GCC_DYNAMIC_NO_PIC = NO;
				GCC_ENABLE_OBJC_EXCEPTIONS = YES;
				GCC_OPTIMIZATION_LEVEL = 0;
				GCC_PREPROCESSOR_DEFINITIONS = (
					"DEBUG=1",
					"$(inherited)",
				);
				GCC_SYMBOLS_PRIVATE_EXTERN = NO;
				GCC_VERSION = com.apple.compilers.llvm.clang.1_0;
				GCC_WARN_64_TO_32_BIT_CONVERSION = YES;
				GCC_WARN_ABOUT_MISSING_PROTOTYPES = YES;
				GCC_WARN_ABOUT_RETURN_TYPE = YES;
				GCC_WARN_UNUSED_VARIABLE = YES;
				MACOSX_DEPLOYMENT_TARGET = 10.6;
				ONLY_ACTIVE_ARCH = YES;
				SDKROOT = macosx;
			};
			name = Debug;
		};
		E38B845514FF93C30030AFF2 /* Release */ = {
			isa = XCBuildConfiguration;
			buildSettings = {
				ALWAYS_SEARCH_USER_PATHS = NO;
				ARCHS = "$(ARCHS_STANDARD_64_BIT)";
				COPY_PHASE_STRIP = YES;
				DEBUG_INFORMATION_FORMAT = "dwarf-with-dsym";
				GCC_C_LANGUAGE_STANDARD = gnu99;
				GCC_ENABLE_OBJC_EXCEPTIONS = YES;
				GCC_VERSION = com.apple.compilers.llvm.clang.1_0;
				GCC_WARN_64_TO_32_BIT_CONVERSION = YES;
				GCC_WARN_ABOUT_MISSING_PROTOTYPES = YES;
				GCC_WARN_ABOUT_RETURN_TYPE = YES;
				GCC_WARN_UNUSED_VARIABLE = YES;
				MACOSX_DEPLOYMENT_TARGET = 10.6;
				SDKROOT = macosx;
			};
			name = Release;
		};
		E38B845714FF93C30030AFF2 /* Debug */ = {
			isa = XCBuildConfiguration;
			buildSettings = {
				GCC_PRECOMPILE_PREFIX_HEADER = YES;
				GCC_PREFIX_HEADER = Source/ExportPlugIn.pch;
				INFOPLIST_FILE = Source/Info.plist;
				INSTALL_PATH = "$(LOCAL_LIBRARY_DIR)/Bundles";
				OTHER_LDFLAGS = (
					"-undefined",
					dynamic_lookup,
				);
				PRODUCT_NAME = CCBAndEngineXml;
				WRAPPER_EXTENSION = ccbPlugExport;
			};
			name = Debug;
		};
		E38B845814FF93C30030AFF2 /* Release */ = {
			isa = XCBuildConfiguration;
			buildSettings = {
				GCC_PRECOMPILE_PREFIX_HEADER = YES;
				GCC_PREFIX_HEADER = Source/ExportPlugIn.pch;
				INFOPLIST_FILE = Source/Info.plist;
				INSTALL_PATH = "$(LOCAL_LIBRARY_DIR)/Bundles";
				OTHER_LDFLAGS = (
					"-undefined",
					dynamic_lookup,
				);
				PRODUCT_NAME = CCBAndEngineXml;
				WRAPPER_EXTENSION = ccbPlugExport;
			};
			name = Release;
		};
/* End XCBuildConfiguration section */

/* Begin XCConfigurationList section */
		E38B843E14FF93C30030AFF2 /* Build configuration list for PBXProject "CCBAndEngineXml" */ = {
			isa = XCConfigurationList;
			buildConfigurations = (
				E38B845414FF93C30030AFF2 /* Debug */,
				E38B845514FF93C30030AFF2 /* Release */,
			);
			defaultConfigurationIsVisible = 0;
			defaultConfigurationName = Release;
		};
		E38B845614FF93C30030AFF2 /* Build configuration list for PBXNativeTarget "CCBAndEngineXml" */ = {
			isa = XCConfigurationList;
			buildConfigurations = (
				E38B845714FF93C30030AFF2 /* Debug */,
				E38B845814FF93C30030AFF2 /* Release */,
			);
			defaultConfigurationIsVisible = 0;
			defaultConfigurationName = Release;
		};
/* End XCConfigurationList section */
	};
	rootObject = E38B843B14FF93C30030AFF2 /* Project object */;
}
